
Microsoft Visual Studio Solution File, Format Version 12.00
# Visual Studio Version 17
VisualStudioVersion = 17.8.34330.188
MinimumVisualStudioVersion = 10.0.40219.1
Project("{FAE04EC0-301F-11D3-BF4B-00C04F79EFBC}") = "Hotel-Management-Software.API", "Hotel-Management-Software\Hotel-Management-Software.API.csproj", "{ED99C4EB-883E-4AA5-A2F1-26F26793A1B7}"
EndProject
Project("{FAE04EC0-301F-11D3-BF4B-00C04F79EFBC}") = "Hotel-Management-Software.DAL", "Hotel-Management-Software.DataAccess\Hotel-Management-Software.DAL.csproj", "{4BC66F35-C865-4A5F-8AD9-EE8BB0EBDF67}"
EndProject
Project("{FAE04EC0-301F-11D3-BF4B-00C04F79EFBC}") = "Hotel-Management-Software.BLL", "Hotel-Management-Software.BussinessLogic\Hotel-Management-Software.BLL.csproj", "{B5E4EBE1-135E-4FC2-AC60-395B29AF76D6}"
EndProject
Project("{FAE04EC0-301F-11D3-BF4B-00C04F79EFBC}") = "Hotel-Management-Software.DTO", "Hotel-Management-Software.DTO\Hotel-Management-Software.DTO.csproj", "{FEF427A6-42EB-46C4-9C71-497D4A6F4856}"
EndProject
Global
	GlobalSection(SolutionConfigurationPlatforms) = preSolution
		Debug|Any CPU = Debug|Any CPU
		Release|Any CPU = Release|Any CPU
	EndGlobalSection
	GlobalSection(ProjectConfigurationPlatforms) = postSolution
		{ED99C4EB-883E-4AA5-A2F1-26F26793A1B7}.Debug|Any CPU.ActiveCfg = Debug|Any CPU
		{ED99C4EB-883E-4AA5-A2F1-26F26793A1B7}.Debug|Any CPU.Build.0 = Debug|Any CPU
		{ED99C4EB-883E-4AA5-A2F1-26F26793A1B7}.Release|Any CPU.ActiveCfg = Release|Any CPU
		{ED99C4EB-883E-4AA5-A2F1-26F26793A1B7}.Release|Any CPU.Build.0 = Release|Any CPU
		{4BC66F35-C865-4A5F-8AD9-EE8BB0EBDF67}.Debug|Any CPU.ActiveCfg = Debug|Any CPU
		{4BC66F35-C865-4A5F-8AD9-EE8BB0EBDF67}.Debug|Any CPU.Build.0 = Debug|Any CPU
		{4BC66F35-C865-4A5F-8AD9-EE8BB0EBDF67}.Release|Any CPU.ActiveCfg = Release|Any CPU
		{4BC66F35-C865-4A5F-8AD9-EE8BB0EBDF67}.Release|Any CPU.Build.0 = Release|Any CPU
		{B5E4EBE1-135E-4FC2-AC60-395B29AF76D6}.Debug|Any CPU.ActiveCfg = Debug|Any CPU
		{B5E4EBE1-135E-4FC2-AC60-395B29AF76D6}.Debug|Any CPU.Build.0 = Debug|Any CPU
		{B5E4EBE1-135E-4FC2-AC60-395B29AF76D6}.Release|Any CPU.ActiveCfg = Release|Any CPU
		{B5E4EBE1-135E-4FC2-AC60-395B29AF76D6}.Release|Any CPU.Build.0 = Release|Any CPU
		{FEF427A6-42EB-46C4-9C71-497D4A6F4856}.Debug|Any CPU.ActiveCfg = Debug|Any CPU
		{FEF427A6-42EB-46C4-9C71-497D4A6F4856}.Debug|Any CPU.Build.0 = Debug|Any CPU
		{FEF427A6-42EB-46C4-9C71-497D4A6F4856}.Release|Any CPU.ActiveCfg = Release|Any CPU
		{FEF427A6-42EB-46C4-9C71-497D4A6F4856}.Release|Any CPU.Build.0 = Release|Any CPU
	EndGlobalSection
	GlobalSection(SolutionProperties) = preSolution
		HideSolutionNode = FALSE
	EndGlobalSection
	GlobalSection(ExtensibilityGlobals) = postSolution
		SolutionGuid = {E93E971D-E01B-419A-A7D7-8021C62C666B}
	EndGlobalSection
EndGlobal
